<Solution>
  <Configurations>
    <BuildType Name="Debug" />
    <BuildType Name="ExportDebug" />
    <BuildType Name="ExportRelease" />
  </Configurations>
  <Folder Name="/docs/">
    <File Path="README.md" />
    <File Path="REQUIREMENTS.md" />
  </Folder>
  <Project Path="Stranne.EcsMemory.GodotGame\Stranne.EcsMemory.GodotGame.csproj" />
</Solution>
